version = 1
revision = 3
requires-python = ">=3.11"

[[package]]
name = "bidict"
version = "0.23.1"
source = { registry = "https://pypi.org/simple" }
sdist = { url = "https://files.pythonhosted.org/packages/9a/6e/026678aa5a830e07cd9498a05d3e7e650a4f56a42f267a53d22bcda1bdc9/bidict-0.23.1.tar.gz", hash = "sha256:03069d763bc387bbd20e7d49914e75fc4132a41937fa3405417e1a5a2d006d71", size = 29093, upload-time = "2024-02-18T19:09:05.748Z" }
wheels = [
    { url = "https://files.pythonhosted.org/packages/99/37/e8730c3587a65eb5645d4aba2d27aae48e8003614d6aaf15dda67f702f1f/bidict-0.23.1-py3-none-any.whl", hash = "sha256:5dae8d4d79b552a71cbabc7deb25dfe8ce710b17ff41711e13010ead2abfc3e5", size = 32764, upload-time = "2024-02-18T19:09:04.156Z" },
]

[[package]]
name = "blinker"
version = "1.9.0"
source = { registry = "https://pypi.org/simple" }
sdist = { url = "https://files.pythonhosted.org/packages/21/28/9b3f50ce0e048515135495f198351908d99540d69bfdc8c1d15b73dc55ce/blinker-1.9.0.tar.gz", hash = "sha256:b4ce2265a7abece45e7cc896e98dbebe6cead56bcf805a3d23136d145f5445bf", size = 22460, upload-time = "2024-11-08T17:25:47.436Z" }
wheels = [
    { url = "https://files.pythonhosted.org/packages/10/cb/f2ad4230dc2eb1a74edf38f1a38b9b52277f75bef262d8908e60d957e13c/blinker-1.9.0-py3-none-any.whl", hash = "sha256:ba0efaa9080b619ff2f3459d1d500c57bddea4a6b424b60a91141db6fd2f08bc", size = 8458, upload-time = "2024-11-08T17:25:46.184Z" },
]

[[package]]
name = "click"
version = "8.2.1"
source = { registry = "https://pypi.org/simple" }
dependencies = [
    { name = "colorama", marker = "sys_platform == 'win32'" },
]
sdist = { url = "https://files.pythonhosted.org/packages/60/6c/8ca2efa64cf75a977a0d7fac081354553ebe483345c734fb6b6515d96bbc/click-8.2.1.tar.gz", hash = "sha256:27c491cc05d968d271d5a1db13e3b5a184636d9d930f148c50b038f0d0646202", size = 286342, upload-time = "2025-05-20T23:19:49.832Z" }
wheels = [
    { url = "https://files.pythonhosted.org/packages/85/32/10bb5764d90a8eee674e9dc6f4db6a0ab47c8c4d0d83c27f7c39ac415a4d/click-8.2.1-py3-none-any.whl", hash = "sha256:61a3265b914e850b85317d0b3109c7f8cd35a670f963866005d6ef1d5175a12b", size = 102215, upload-time = "2025-05-20T23:19:47.796Z" },
]

[[package]]
name = "colorama"
version = "0.4.6"
source = { registry = "https://pypi.org/simple" }
sdist = { url = "https://files.pythonhosted.org/packages/d8/53/6f443c9a4a8358a93a6792e2acffb9d9d5cb0a5cfd8802644b7b1c9a02e4/colorama-0.4.6.tar.gz", hash = "sha256:08695f5cb7ed6e0531a20572697297273c47b8cae5a63ffc6d6ed5c201be6e44", size = 27697, upload-time = "2022-10-25T02:36:22.414Z" }
wheels = [
    { url = "https://files.pythonhosted.org/packages/d1/d6/3965ed04c63042e047cb6a3e6ed1a63a35087b6a609aa3a15ed8ac56c221/colorama-0.4.6-py2.py3-none-any.whl", hash = "sha256:4f1d9991f5acc0ca119f9d443620b77f9d6b33703e51011c16baf57afb285fc6", size = 25335, upload-time = "2022-10-25T02:36:20.889Z" },
]

[[package]]
name = "dnspython"
version = "2.8.0"
source = { registry = "https://pypi.org/simple" }
sdist = { url = "https://files.pythonhosted.org/packages/8c/8b/57666417c0f90f08bcafa776861060426765fdb422eb10212086fb811d26/dnspython-2.8.0.tar.gz", hash = "sha256:181d3c6996452cb1189c4046c61599b84a5a86e099562ffde77d26984ff26d0f", size = 368251, upload-time = "2025-09-07T18:58:00.022Z" }
wheels = [
    { url = "https://files.pythonhosted.org/packages/ba/5a/18ad964b0086c6e62e2e7500f7edc89e3faa45033c71c1893d34eed2b2de/dnspython-2.8.0-py3-none-any.whl", hash = "sha256:01d9bbc4a2d76bf0db7c1f729812ded6d912bd318d3b1cf81d30c0f845dbf3af", size = 331094, upload-time = "2025-09-07T18:57:58.071Z" },
]

[[package]]
name = "f1vision-realtime-server"
version = "0.1.0"
source = { editable = "." }
dependencies = [
    { name = "flask" },
    { name = "flask-socketio" },
    { name = "pymongo" },
    { name = "simple-websocket" },
    { name = "websocket-client" },
]

[package.metadata]
requires-dist = [
    { name = "flask", specifier = ">=3.0.0" },
    { name = "flask-socketio", specifier = ">=5.3.6" },
    { name = "pymongo", specifier = ">=4.6.0" },
    { name = "simple-websocket", specifier = ">=1.0.0" },
    { name = "websocket-client", specifier = ">=1.8.0" },
]

[[package]]
name = "flask"
version = "3.1.2"
source = { registry = "https://pypi.org/simple" }
dependencies = [
    { name = "blinker" },
    { name = "click" },
    { name = "itsdangerous" },
    { name = "jinja2" },
    { name = "markupsafe" },
    { name = "werkzeug" },
]
sdist = { url = "https://files.pythonhosted.org/packages/dc/6d/cfe3c0fcc5e477df242b98bfe186a4c34357b4847e87ecaef04507332dab/flask-3.1.2.tar.gz", hash = "sha256:bf656c15c80190ed628ad08cdfd3aaa35beb087855e2f494910aa3774cc4fd87", size = 720160, upload-time = "2025-08-19T21:03:21.205Z" }
wheels = [
    { url = "https://files.pythonhosted.org/packages/ec/f9/7f9263c5695f4bd0023734af91bedb2ff8209e8de6ead162f35d8dc762fd/flask-3.1.2-py3-none-any.whl", hash = "sha256:ca1d8112ec8a6158cc29ea4858963350011b5c846a414cdb7a954aa9e967d03c", size = 103308, upload-time = "2025-08-19T21:03:19.499Z" },
]

[[package]]
name = "flask-socketio"
version = "5.5.1"
source = { registry = "https://pypi.org/simple" }
dependencies = [
    { name = "flask" },
    { name = "python-socketio" },
]
sdist = { url = "https://files.pythonhosted.org/packages/d1/1f/54d3de4982df695682af99c65d4b89f8a46fe6739780c5a68690195835a0/flask_socketio-5.5.1.tar.gz", hash = "sha256:d946c944a1074ccad8e99485a6f5c79bc5789e3ea4df0bb9c864939586c51ec4", size = 37401, upload-time = "2025-01-06T19:49:59.056Z" }
wheels = [
    { url = "https://files.pythonhosted.org/packages/47/38/1b75b3ba3452860211ec87710f9854112911a436ee4d155533e0b83b5cd9/Flask_SocketIO-5.5.1-py3-none-any.whl", hash = "sha256:35a50166db44d055f68021d6ec32cb96f1f925cd82de4504314be79139ea846f", size = 18259, upload-time = "2025-01-06T19:49:56.555Z" },
]

[[package]]
name = "h11"
version = "0.16.0"
source = { registry = "https://pypi.org/simple" }
sdist = { url = "https://files.pythonhosted.org/packages/01/ee/02a2c011bdab74c6fb3c75474d40b3052059d95df7e73351460c8588d963/h11-0.16.0.tar.gz", hash = "sha256:4e35b956cf45792e4caa5885e69fba00bdbc6ffafbfa020300e549b208ee5ff1", size = 101250, upload-time = "2025-04-24T03:35:25.427Z" }
wheels = [
    { url = "https://files.pythonhosted.org/packages/04/4b/29cac41a4d98d144bf5f6d33995617b185d14b22401f75ca86f384e87ff1/h11-0.16.0-py3-none-any.whl", hash = "sha256:63cf8bbe7522de3bf65932fda1d9c2772064ffb3dae62d55932da54b31cb6c86", size = 37515, upload-time = "2025-04-24T03:35:24.344Z" },
]

[[package]]
name = "itsdangerous"
version = "2.2.0"
source = { registry = "https://pypi.org/simple" }
sdist = { url = "https://files.pythonhosted.org/packages/9c/cb/8ac0172223afbccb63986cc25049b154ecfb5e85932587206f42317be31d/itsdangerous-2.2.0.tar.gz", hash = "sha256:e0050c0b7da1eea53ffaf149c0cfbb5c6e2e2b69c4bef22c81fa6eb73e5f6173", size = 54410, upload-time = "2024-04-16T21:28:15.614Z" }
wheels = [
    { url = "https://files.pythonhosted.org/packages/04/96/92447566d16df59b2a776c0fb82dbc4d9e07cd95062562af01e408583fc4/itsdangerous-2.2.0-py3-none-any.whl", hash = "sha256:c6242fc49e35958c8b15141343aa660db5fc54d4f13a1db01a3f5891b98700ef", size = 16234, upload-time = "2024-04-16T21:28:14.499Z" },
]

[[package]]
name = "jinja2"
version = "3.1.6"
source = { registry = "https://pypi.org/simple" }
dependencies = [
    { name = "markupsafe" },
]
sdist = { url = "https://files.pythonhosted.org/packages/df/bf/f7da0350254c0ed7c72f3e33cef02e048281fec7ecec5f032d4aac52226b/jinja2-3.1.6.tar.gz", hash = "sha256:0137fb05990d35f1275a587e9aee6d56da821fc83491a0fb838183be43f66d6d", size = 245115, upload-time = "2025-03-05T20:05:02.478Z" }
wheels = [
    { url = "https://files.pythonhosted.org/packages/62/a1/3d680cbfd5f4b8f15abc1d571870c5fc3e594bb582bc3b64ea099db13e56/jinja2-3.1.6-py3-none-any.whl", hash = "sha256:85ece4451f492d0c13c5dd7c13a64681a86afae63a5f347908daf103ce6d2f67", size = 134899, upload-time = "2025-03-05T20:05:00.369Z" },
]

[[package]]
name = "markupsafe"
version = "3.0.2"
source = { registry = "https://pypi.org/simple" }
sdist = { url = "https://files.pythonhosted.org/packages/b2/97/5d42485e71dfc078108a86d6de8fa46db44a1a9295e89c5d6d4a06e23a62/markupsafe-3.0.2.tar.gz", hash = "sha256:ee55d3edf80167e48ea11a923c7386f4669df67d7994554387f84e7d8b0a2bf0", size = 20537, upload-time = "2024-10-18T15:21:54.129Z" }
wheels = [
    { url = "https://files.pythonhosted.org/packages/6b/28/bbf83e3f76936960b850435576dd5e67034e200469571be53f69174a2dfd/MarkupSafe-3.0.2-cp311-cp311-macosx_10_9_universal2.whl", hash = "sha256:9025b4018f3a1314059769c7bf15441064b2207cb3f065e6ea1e7359cb46db9d", size = 14353, upload-time = "2024-10-18T15:21:02.187Z" },
    { url = "https://files.pythonhosted.org/packages/6c/30/316d194b093cde57d448a4c3209f22e3046c5bb2fb0820b118292b334be7/MarkupSafe-3.0.2-cp311-cp311-macosx_11_0_arm64.whl", hash = "sha256:93335ca3812df2f366e80509ae119189886b0f3c2b81325d39efdb84a1e2ae93", size = 12392, upload-time = "2024-10-18T15:21:02.941Z" },
    { url = "https://files.pythonhosted.org/packages/f2/96/9cdafba8445d3a53cae530aaf83c38ec64c4d5427d975c974084af5bc5d2/MarkupSafe-3.0.2-cp311-cp311-manylinux_2_17_aarch64.manylinux2014_aarch64.whl", hash = "sha256:2cb8438c3cbb25e220c2ab33bb226559e7afb3baec11c4f218ffa7308603c832", size = 23984, upload-time = "2024-10-18T15:21:03.953Z" },
    { url = "https://files.pythonhosted.org/packages/f1/a4/aefb044a2cd8d7334c8a47d3fb2c9f328ac48cb349468cc31c20b539305f/MarkupSafe-3.0.2-cp311-cp311-manylinux_2_17_x86_64.manylinux2014_x86_64.whl", hash = "sha256:a123e330ef0853c6e822384873bef7507557d8e4a082961e1defa947aa59ba84", size = 23120, upload-time = "2024-10-18T15:21:06.495Z" },
    { url = "https://files.pythonhosted.org/packages/8d/21/5e4851379f88f3fad1de30361db501300d4f07bcad047d3cb0449fc51f8c/MarkupSafe-3.0.2-cp311-cp311-manylinux_2_5_i686.manylinux1_i686.manylinux_2_17_i686.manylinux2014_i686.whl", hash = "sha256:1e084f686b92e5b83186b07e8a17fc09e38fff551f3602b249881fec658d3eca", size = 23032, upload-time = "2024-10-18T15:21:07.295Z" },
    { url = "https://files.pythonhosted.org/packages/00/7b/e92c64e079b2d0d7ddf69899c98842f3f9a60a1ae72657c89ce2655c999d/MarkupSafe-3.0.2-cp311-cp311-musllinux_1_2_aarch64.whl", hash = "sha256:d8213e09c917a951de9d09ecee036d5c7d36cb6cb7dbaece4c71a60d79fb9798", size = 24057, upload-time = "2024-10-18T15:21:08.073Z" },
    { url = "https://files.pythonhosted.org/packages/f9/ac/46f960ca323037caa0a10662ef97d0a4728e890334fc156b9f9e52bcc4ca/MarkupSafe-3.0.2-cp311-cp311-musllinux_1_2_i686.whl", hash = "sha256:5b02fb34468b6aaa40dfc198d813a641e3a63b98c2b05a16b9f80b7ec314185e", size = 23359, upload-time = "2024-10-18T15:21:09.318Z" },
    { url = "https://files.pythonhosted.org/packages/69/84/83439e16197337b8b14b6a5b9c2105fff81d42c2a7c5b58ac7b62ee2c3b1/MarkupSafe-3.0.2-cp311-cp311-musllinux_1_2_x86_64.whl", hash = "sha256:0bff5e0ae4ef2e1ae4fdf2dfd5b76c75e5c2fa4132d05fc1b0dabcd20c7e28c4", size = 23306, upload-time = "2024-10-18T15:21:10.185Z" },
    { url = "https://files.pythonhosted.org/packages/9a/34/a15aa69f01e2181ed8d2b685c0d2f6655d5cca2c4db0ddea775e631918cd/MarkupSafe-3.0.2-cp311-cp311-win32.whl", hash = "sha256:6c89876f41da747c8d3677a2b540fb32ef5715f97b66eeb0c6b66f5e3ef6f59d", size = 15094, upload-time = "2024-10-18T15:21:11.005Z" },
    { url = "https://files.pythonhosted.org/packages/da/b8/3a3bd761922d416f3dc5d00bfbed11f66b1ab89a0c2b6e887240a30b0f6b/MarkupSafe-3.0.2-cp311-cp311-win_amd64.whl", hash = "sha256:70a87b411535ccad5ef2f1df5136506a10775d267e197e4cf531ced10537bd6b", size = 15521, upload-time = "2024-10-18T15:21:12.911Z" },
    { url = "https://files.pythonhosted.org/packages/22/09/d1f21434c97fc42f09d290cbb6350d44eb12f09cc62c9476effdb33a18aa/MarkupSafe-3.0.2-cp312-cp312-macosx_10_13_universal2.whl", hash = "sha256:9778bd8ab0a994ebf6f84c2b949e65736d5575320a17ae8984a77fab08db94cf", size = 14274, upload-time = "2024-10-18T15:21:13.777Z" },
    { url = "https://files.pythonhosted.org/packages/6b/b0/18f76bba336fa5aecf79d45dcd6c806c280ec44538b3c13671d49099fdd0/MarkupSafe-3.0.2-cp312-cp312-macosx_11_0_arm64.whl", hash = "sha256:846ade7b71e3536c4e56b386c2a47adf5741d2d8b94ec9dc3e92e5e1ee1e2225", size = 12348, upload-time = "2024-10-18T15:21:14.822Z" },
    { url = "https://files.pythonhosted.org/packages/e0/25/dd5c0f6ac1311e9b40f4af06c78efde0f3b5cbf02502f8ef9501294c425b/MarkupSafe-3.0.2-cp312-cp312-manylinux_2_17_aarch64.manylinux2014_aarch64.whl", hash = "sha256:1c99d261bd2d5f6b59325c92c73df481e05e57f19837bdca8413b9eac4bd8028", size = 24149, upload-time = "2024-10-18T15:21:15.642Z" },
    { url = "https://files.pythonhosted.org/packages/f3/f0/89e7aadfb3749d0f52234a0c8c7867877876e0a20b60e2188e9850794c17/MarkupSafe-3.0.2-cp312-cp312-manylinux_2_17_x86_64.manylinux2014_x86_64.whl", hash = "sha256:e17c96c14e19278594aa4841ec148115f9c7615a47382ecb6b82bd8fea3ab0c8", size = 23118, upload-time = "2024-10-18T15:21:17.133Z" },
    { url = "https://files.pythonhosted.org/packages/d5/da/f2eeb64c723f5e3777bc081da884b414671982008c47dcc1873d81f625b6/MarkupSafe-3.0.2-cp312-cp312-manylinux_2_5_i686.manylinux1_i686.manylinux_2_17_i686.manylinux2014_i686.whl", hash = "sha256:88416bd1e65dcea10bc7569faacb2c20ce071dd1f87539ca2ab364bf6231393c", size = 22993, upload-time = "2024-10-18T15:21:18.064Z" },
    { url = "https://files.pythonhosted.org/packages/da/0e/1f32af846df486dce7c227fe0f2398dc7e2e51d4a370508281f3c1c5cddc/MarkupSafe-3.0.2-cp312-cp312-musllinux_1_2_aarch64.whl", hash = "sha256:2181e67807fc2fa785d0592dc2d6206c019b9502410671cc905d132a92866557", size = 24178, upload-time = "2024-10-18T15:21:18.859Z" },
    { url = "https://files.pythonhosted.org/packages/c4/f6/bb3ca0532de8086cbff5f06d137064c8410d10779c4c127e0e47d17c0b71/MarkupSafe-3.0.2-cp312-cp312-musllinux_1_2_i686.whl", hash = "sha256:52305740fe773d09cffb16f8ed0427942901f00adedac82ec8b67752f58a1b22", size = 23319, upload-time = "2024-10-18T15:21:19.671Z" },
    { url = "https://files.pythonhosted.org/packages/a2/82/8be4c96ffee03c5b4a034e60a31294daf481e12c7c43ab8e34a1453ee48b/MarkupSafe-3.0.2-cp312-cp312-musllinux_1_2_x86_64.whl", hash = "sha256:ad10d3ded218f1039f11a75f8091880239651b52e9bb592ca27de44eed242a48", size = 23352, upload-time = "2024-10-18T15:21:20.971Z" },
    { url = "https://files.pythonhosted.org/packages/51/ae/97827349d3fcffee7e184bdf7f41cd6b88d9919c80f0263ba7acd1bbcb18/MarkupSafe-3.0.2-cp312-cp312-win32.whl", hash = "sha256:0f4ca02bea9a23221c0182836703cbf8930c5e9454bacce27e767509fa286a30", size = 15097, upload-time = "2024-10-18T15:21:22.646Z" },
    { url = "https://files.pythonhosted.org/packages/c1/80/a61f99dc3a936413c3ee4e1eecac96c0da5ed07ad56fd975f1a9da5bc630/MarkupSafe-3.0.2-cp312-cp312-win_amd64.whl", hash = "sha256:8e06879fc22a25ca47312fbe7c8264eb0b662f6db27cb2d3bbbc74b1df4b9b87", size = 15601, upload-time = "2024-10-18T15:21:23.499Z" },
    { url = "https://files.pythonhosted.org/packages/83/0e/67eb10a7ecc77a0c2bbe2b0235765b98d164d81600746914bebada795e97/MarkupSafe-3.0.2-cp313-cp313-macosx_10_13_universal2.whl", hash = "sha256:ba9527cdd4c926ed0760bc301f6728ef34d841f405abf9d4f959c478421e4efd", size = 14274, upload-time = "2024-10-18T15:21:24.577Z" },
    { url = "https://files.pythonhosted.org/packages/2b/6d/9409f3684d3335375d04e5f05744dfe7e9f120062c9857df4ab490a1031a/MarkupSafe-3.0.2-cp313-cp313-macosx_11_0_arm64.whl", hash = "sha256:f8b3d067f2e40fe93e1ccdd6b2e1d16c43140e76f02fb1319a05cf2b79d99430", size = 12352, upload-time = "2024-10-18T15:21:25.382Z" },
    { url = "https://files.pythonhosted.org/packages/d2/f5/6eadfcd3885ea85fe2a7c128315cc1bb7241e1987443d78c8fe712d03091/MarkupSafe-3.0.2-cp313-cp313-manylinux_2_17_aarch64.manylinux2014_aarch64.whl", hash = "sha256:569511d3b58c8791ab4c2e1285575265991e6d8f8700c7be0e88f86cb0672094", size = 24122, upload-time = "2024-10-18T15:21:26.199Z" },
    { url = "https://files.pythonhosted.org/packages/0c/91/96cf928db8236f1bfab6ce15ad070dfdd02ed88261c2afafd4b43575e9e9/MarkupSafe-3.0.2-cp313-cp313-manylinux_2_17_x86_64.manylinux2014_x86_64.whl", hash = "sha256:15ab75ef81add55874e7ab7055e9c397312385bd9ced94920f2802310c930396", size = 23085, upload-time = "2024-10-18T15:21:27.029Z" },
    { url = "https://files.pythonhosted.org/packages/c2/cf/c9d56af24d56ea04daae7ac0940232d31d5a8354f2b457c6d856b2057d69/MarkupSafe-3.0.2-cp313-cp313-manylinux_2_5_i686.manylinux1_i686.manylinux_2_17_i686.manylinux2014_i686.whl", hash = "sha256:f3818cb119498c0678015754eba762e0d61e5b52d34c8b13d770f0719f7b1d79", size = 22978, upload-time = "2024-10-18T15:21:27.846Z" },
    { url = "https://files.pythonhosted.org/packages/2a/9f/8619835cd6a711d6272d62abb78c033bda638fdc54c4e7f4272cf1c0962b/MarkupSafe-3.0.2-cp313-cp313-musllinux_1_2_aarch64.whl", hash = "sha256:cdb82a876c47801bb54a690c5ae105a46b392ac6099881cdfb9f6e95e4014c6a", size = 24208, upload-time = "2024-10-18T15:21:28.744Z" },
    { url = "https://files.pythonhosted.org/packages/f9/bf/176950a1792b2cd2102b8ffeb5133e1ed984547b75db47c25a67d3359f77/MarkupSafe-3.0.2-cp313-cp313-musllinux_1_2_i686.whl", hash = "sha256:cabc348d87e913db6ab4aa100f01b08f481097838bdddf7c7a84b7575b7309ca", size = 23357, upload-time = "2024-10-18T15:21:29.545Z" },
    { url = "https://files.pythonhosted.org/packages/ce/4f/9a02c1d335caabe5c4efb90e1b6e8ee944aa245c1aaaab8e8a618987d816/MarkupSafe-3.0.2-cp313-cp313-musllinux_1_2_x86_64.whl", hash = "sha256:444dcda765c8a838eaae23112db52f1efaf750daddb2d9ca300bcae1039adc5c", size = 23344, upload-time = "2024-10-18T15:21:30.366Z" },
    { url = "https://files.pythonhosted.org/packages/ee/55/c271b57db36f748f0e04a759ace9f8f759ccf22b4960c270c78a394f58be/MarkupSafe-3.0.2-cp313-cp313-win32.whl", hash = "sha256:bcf3e58998965654fdaff38e58584d8937aa3096ab5354d493c77d1fdd66d7a1", size = 15101, upload-time = "2024-10-18T15:21:31.207Z" },
    { url = "https://files.pythonhosted.org/packages/29/88/07df22d2dd4df40aba9f3e402e6dc1b8ee86297dddbad4872bd5e7b0094f/MarkupSafe-3.0.2-cp313-cp313-win_amd64.whl", hash = "sha256:e6a2a455bd412959b57a172ce6328d2dd1f01cb2135efda2e4576e8a23fa3b0f", size = 15603, upload-time = "2024-10-18T15:21:32.032Z" },
    { url = "https://files.pythonhosted.org/packages/62/6a/8b89d24db2d32d433dffcd6a8779159da109842434f1dd2f6e71f32f738c/MarkupSafe-3.0.2-cp313-cp313t-macosx_10_13_universal2.whl", hash = "sha256:b5a6b3ada725cea8a5e634536b1b01c30bcdcd7f9c6fff4151548d5bf6b3a36c", size = 14510, upload-time = "2024-10-18T15:21:33.625Z" },
    { url = "https://files.pythonhosted.org/packages/7a/06/a10f955f70a2e5a9bf78d11a161029d278eeacbd35ef806c3fd17b13060d/MarkupSafe-3.0.2-cp313-cp313t-macosx_11_0_arm64.whl", hash = "sha256:a904af0a6162c73e3edcb969eeeb53a63ceeb5d8cf642fade7d39e7963a22ddb", size = 12486, upload-time = "2024-10-18T15:21:34.611Z" },
    { url = "https://files.pythonhosted.org/packages/34/cf/65d4a571869a1a9078198ca28f39fba5fbb910f952f9dbc5220afff9f5e6/MarkupSafe-3.0.2-cp313-cp313t-manylinux_2_17_aarch64.manylinux2014_aarch64.whl", hash = "sha256:4aa4e5faecf353ed117801a068ebab7b7e09ffb6e1d5e412dc852e0da018126c", size = 25480, upload-time = "2024-10-18T15:21:35.398Z" },
    { url = "https://files.pythonhosted.org/packages/0c/e3/90e9651924c430b885468b56b3d597cabf6d72be4b24a0acd1fa0e12af67/MarkupSafe-3.0.2-cp313-cp313t-manylinux_2_17_x86_64.manylinux2014_x86_64.whl", hash = "sha256:c0ef13eaeee5b615fb07c9a7dadb38eac06a0608b41570d8ade51c56539e509d", size = 23914, upload-time = "2024-10-18T15:21:36.231Z" },
    { url = "https://files.pythonhosted.org/packages/66/8c/6c7cf61f95d63bb866db39085150df1f2a5bd3335298f14a66b48e92659c/MarkupSafe-3.0.2-cp313-cp313t-manylinux_2_5_i686.manylinux1_i686.manylinux_2_17_i686.manylinux2014_i686.whl", hash = "sha256:d16a81a06776313e817c951135cf7340a3e91e8c1ff2fac444cfd75fffa04afe", size = 23796, upload-time = "2024-10-18T15:21:37.073Z" },
    { url = "https://files.pythonhosted.org/packages/bb/35/cbe9238ec3f47ac9a7c8b3df7a808e7cb50fe149dc7039f5f454b3fba218/MarkupSafe-3.0.2-cp313-cp313t-musllinux_1_2_aarch64.whl", hash = "sha256:6381026f158fdb7c72a168278597a5e3a5222e83ea18f543112b2662a9b699c5", size = 25473, upload-time = "2024-10-18T15:21:37.932Z" },
    { url = "https://files.pythonhosted.org/packages/e6/32/7621a4382488aa283cc05e8984a9c219abad3bca087be9ec77e89939ded9/MarkupSafe-3.0.2-cp313-cp313t-musllinux_1_2_i686.whl", hash = "sha256:3d79d162e7be8f996986c064d1c7c817f6df3a77fe3d6859f6f9e7be4b8c213a", size = 24114, upload-time = "2024-10-18T15:21:39.799Z" },
    { url = "https://files.pythonhosted.org/packages/0d/80/0985960e4b89922cb5a0bac0ed39c5b96cbc1a536a99f30e8c220a996ed9/MarkupSafe-3.0.2-cp313-cp313t-musllinux_1_2_x86_64.whl", hash = "sha256:131a3c7689c85f5ad20f9f6fb1b866f402c445b220c19fe4308c0b147ccd2ad9", size = 24098, upload-time = "2024-10-18T15:21:40.813Z" },
    { url = "https://files.pythonhosted.org/packages/82/78/fedb03c7d5380df2427038ec8d973587e90561b2d90cd472ce9254cf348b/MarkupSafe-3.0.2-cp313-cp313t-win32.whl", hash = "sha256:ba8062ed2cf21c07a9e295d5b8a2a5ce678b913b45fdf68c32d95d6c1291e0b6", size = 15208, upload-time = "2024-10-18T15:21:41.814Z" },
    { url = "https://files.pythonhosted.org/packages/4f/65/6079a46068dfceaeabb5dcad6d674f5f5c61a6fa5673746f42a9f4c233b3/MarkupSafe-3.0.2-cp313-cp313t-win_amd64.whl", hash = "sha256:e444a31f8db13eb18ada366ab3cf45fd4b31e4db1236a4448f68778c1d1a5a2f", size = 15739, upload-time = "2024-10-18T15:21:42.784Z" },
]

[[package]]
name = "pymongo"
version = "4.15.0"
source = { registry = "https://pypi.org/simple" }
dependencies = [
    { name = "dnspython" },
]
sdist = { url = "https://files.pythonhosted.org/packages/37/a5/e466796ebc3ca04414ace520947bb5af3cef923fc75896fc54051405b68d/pymongo-4.15.0.tar.gz", hash = "sha256:430a6dc088355209e5755f77d85ddea2f1da0bb6123185952a573e7cf25a250a", size = 2469214, upload-time = "2025-09-10T16:46:53.533Z" }
wheels = [
    { url = "https://files.pythonhosted.org/packages/93/09/54902237689eb8e9ece36b187721b036d9ae5155da820226291e47846eee/pymongo-4.15.0-cp311-cp311-macosx_10_9_x86_64.whl", hash = "sha256:73933ce0e910236878c3d4620a57263f3010f89c1897b1fbbd0b58735aaa05d7", size = 864752, upload-time = "2025-09-10T16:44:58.887Z" },
    { url = "https://files.pythonhosted.org/packages/04/dc/44cdf3d0ed04ddb7c939a4fa79da9d284a1bb912d1b65d12c8e717c53a6f/pymongo-4.15.0-cp311-cp311-macosx_11_0_arm64.whl", hash = "sha256:2f178e865855d04cdd65db14990a685312d19e718c39fce5841a389105397d7f", size = 865040, upload-time = "2025-09-10T16:45:01.465Z" },
    { url = "https://files.pythonhosted.org/packages/52/fa/02b83d3d438aafb4f9fc558b7a878daa862f7e62b36ac44448275ae111aa/pymongo-4.15.0-cp311-cp311-manylinux_2_17_aarch64.manylinux2014_aarch64.whl", hash = "sha256:a9e8618fa198ea1081385dc85d024989f80ca3a6b7dded5b37ff62464fac4b6b", size = 1434096, upload-time = "2025-09-10T16:45:03.242Z" },
    { url = "https://files.pythonhosted.org/packages/0a/be/b2652dc886dea8b4f807e6e9ba9b6d18034450653e1af926f1a92a2c3356/pymongo-4.15.0-cp311-cp311-manylinux_2_17_ppc64le.manylinux2014_ppc64le.whl", hash = "sha256:672367016424949ac60215d42970d3c6e9b71c580d33568f9afca1a93d7ce11f", size = 1485053, upload-time = "2025-09-10T16:45:05.132Z" },
    { url = "https://files.pythonhosted.org/packages/b3/5a/388477bd907198b949b9d308ecd23dfe9981a63ebff2622602b89004f4f6/pymongo-4.15.0-cp311-cp311-manylinux_2_17_s390x.manylinux2014_s390x.whl", hash = "sha256:6a6ecc13da312e727a3e96e478496629ff4c58a7d7695a700bb27c048457b66a", size = 1459500, upload-time = "2025-09-10T16:45:06.725Z" },
    { url = "https://files.pythonhosted.org/packages/53/b6/9dc4565e9f9eb9edd144663df207296e43019078a782838b288f2e1ac13f/pymongo-4.15.0-cp311-cp311-manylinux_2_17_x86_64.manylinux2014_x86_64.whl", hash = "sha256:81d9e193fe1fe7fa5fbcad9f6b661139ff51fc04a6eaaf5de8a9ad875cdb0e5e", size = 1438622, upload-time = "2025-09-10T16:45:08.403Z" },
    { url = "https://files.pythonhosted.org/packages/4b/47/06084464096ee1ae9f8c28c716d9f8ff2e13c4a62bb52e76a447ea060dd7/pymongo-4.15.0-cp311-cp311-manylinux_2_5_i686.manylinux1_i686.manylinux_2_17_i686.manylinux2014_i686.whl", hash = "sha256:0fb65c581df0996d90698a1c25bb75fb0ede8b1437da76b358bbd08ee1853776", size = 1407271, upload-time = "2025-09-10T16:45:10.494Z" },
    { url = "https://files.pythonhosted.org/packages/4b/eb/7492271003ac637faa30b1f643f58bd966604eebd4f6635a58fcfbe5d83a/pymongo-4.15.0-cp311-cp311-win32.whl", hash = "sha256:f9a2d4c01d80fd3186c91fb91d4c9dcd3e7b7e09e093fb958c1b723ccdbf7165", size = 843654, upload-time = "2025-09-10T16:45:13.758Z" },
    { url = "https://files.pythonhosted.org/packages/fa/83/ef8ad16e3bbd506cde04bc71e77483bb351918f7d528a0c4cbcc208e9d6a/pymongo-4.15.0-cp311-cp311-win_amd64.whl", hash = "sha256:e37e8b77187aca6b0e3a7bdf8260635d1adc7f6fa3cd2c41a99d3af3e640cda5", size = 858281, upload-time = "2025-09-10T16:45:17.446Z" },
    { url = "https://files.pythonhosted.org/packages/0a/5d/27699b48763b83ab94519606bbe864a4d1672e1245decb5605e484f8c0c0/pymongo-4.15.0-cp311-cp311-win_arm64.whl", hash = "sha256:c83f4b65394e5f752c1fd976e5880801e7749efe34f14a18204ad2ccf095ba19", size = 847616, upload-time = "2025-09-10T16:45:19.558Z" },
    { url = "https://files.pythonhosted.org/packages/47/07/982f2a066c637d488474c60a18de69b9a067598789d093a84dd0ef2f229b/pymongo-4.15.0-cp312-cp312-macosx_10_13_x86_64.whl", hash = "sha256:614fc7625019b78b19f2e47fc78c2d66f8d266b57aaedcb8044d909b9a48b49c", size = 919602, upload-time = "2025-09-10T16:45:21.127Z" },
    { url = "https://files.pythonhosted.org/packages/59/37/4470afa034dd12ec134a358fb863cd8e16f395b2838d7642679299ff63cf/pymongo-4.15.0-cp312-cp312-macosx_11_0_arm64.whl", hash = "sha256:bd4a7360dd37e983712fe032eea71e6d59cdfb86e4e171a38425bd0570fef0af", size = 919297, upload-time = "2025-09-10T16:45:22.711Z" },
    { url = "https://files.pythonhosted.org/packages/cb/b8/0cc92fa56f357b3c58293f291fca378b70287ec31e9e01649e43ea0f3e8d/pymongo-4.15.0-cp312-cp312-manylinux_2_17_aarch64.manylinux2014_aarch64.whl", hash = "sha256:5169b10686b43bc1ac437ce8ba3447cccb91181c9d229813d94321b833229230", size = 1697937, upload-time = "2025-09-10T16:45:24.582Z" },
    { url = "https://files.pythonhosted.org/packages/b2/48/156f4fd9078dabc7320aa6bb9ed8c2b890096a3a3acdbf86cbf4c92ab75c/pymongo-4.15.0-cp312-cp312-manylinux_2_17_ppc64le.manylinux2014_ppc64le.whl", hash = "sha256:e084bb5a28a1a4887096806ed1d09faedece86098e5bb34ea425326e04393a1d", size = 1762171, upload-time = "2025-09-10T16:45:26.197Z" },
    { url = "https://files.pythonhosted.org/packages/5f/50/87c7e9901d1183689790abaa58cb6e64da3f9b892bea23453e86aab0ba5e/pymongo-4.15.0-cp312-cp312-manylinux_2_17_s390x.manylinux2014_s390x.whl", hash = "sha256:f646f1d5235ccdb9f58b7bc6d12ec15bbd4275ec993b3623e065d85b21d60ab5", size = 1731216, upload-time = "2025-09-10T16:45:28.273Z" },
    { url = "https://files.pythonhosted.org/packages/5b/7c/3b4c0ef65509129a9426a66447a47816845628e5fd0e067a8c30fdf1ce97/pymongo-4.15.0-cp312-cp312-manylinux_2_17_x86_64.manylinux2014_x86_64.whl", hash = "sha256:b2f13893f0d4e9b5c0e9f63f4538479a904d3d97f0907ea1b6f83bf1bc9b1f84", size = 1701192, upload-time = "2025-09-10T16:45:30.405Z" },
    { url = "https://files.pythonhosted.org/packages/b3/6b/2d0cfc2e2d099a650a750b0130fc9644af9a5bac4c26a785581cc79be702/pymongo-4.15.0-cp312-cp312-manylinux_2_5_i686.manylinux1_i686.manylinux_2_17_i686.manylinux2014_i686.whl", hash = "sha256:4d77e199cb2eb52e1d2682fdbf6523ab899b6b2211e4486a3dbc1b7efd8c6133", size = 1660319, upload-time = "2025-09-10T16:45:32.547Z" },
    { url = "https://files.pythonhosted.org/packages/dc/cf/25343aef57bf37abdf199672e0fd086ee5f18addb5b3c9af515a69e1d672/pymongo-4.15.0-cp312-cp312-win32.whl", hash = "sha256:958aa856a7b53084623a9e01e5f64969cab387461ca99b79a6137283cf413a2a", size = 890499, upload-time = "2025-09-10T16:45:34.455Z" },
    { url = "https://files.pythonhosted.org/packages/4c/8d/3426711f9f30702bd0a63394b09f71695c4fa69028dfeaa7aeb5c3579d41/pymongo-4.15.0-cp312-cp312-win_amd64.whl", hash = "sha256:753d74b1d21c912d39654a44ef9d8f09ffda92587e5555ab861459c0beebd9df", size = 909950, upload-time = "2025-09-10T16:45:36.532Z" },
    { url = "https://files.pythonhosted.org/packages/2d/0c/ac344fa94d303af61bbad53fcf43a430b9ccac21c65106cfe9ae1ca2986b/pymongo-4.15.0-cp312-cp312-win_arm64.whl", hash = "sha256:00774f378b354f3e50446f9b48d7c3a6361695d7b4adc156cc6970d6c6bed557", size = 895554, upload-time = "2025-09-10T16:45:38.388Z" },
    { url = "https://files.pythonhosted.org/packages/0b/28/c0febc9f91801c9d5711599661ddb75bf0df7fe29466b8bec20c9abd7d40/pymongo-4.15.0-cp313-cp313-macosx_10_13_x86_64.whl", hash = "sha256:ac66f739747b938af5c10a3b7f66cba162703ba34748e91d9e8570e91be6f70f", size = 973829, upload-time = "2025-09-10T16:45:40.732Z" },
    { url = "https://files.pythonhosted.org/packages/30/88/5f2a4bd5d0e2d37c8f63871be3e60a9ea2cfb6ee997649afd03ef0c22ce6/pymongo-4.15.0-cp313-cp313-macosx_11_0_arm64.whl", hash = "sha256:45b4e2f43b8e02f444f379ee4e0af8c9704eb8c92af4ae3f0140e1e7183dd911", size = 973533, upload-time = "2025-09-10T16:45:42.9Z" },
    { url = "https://files.pythonhosted.org/packages/a3/d7/e4f2c10e5524277f9d5248e9b106eb7b38a7e344925228a4dc42e472ef84/pymongo-4.15.0-cp313-cp313-manylinux_2_17_aarch64.manylinux2014_aarch64.whl", hash = "sha256:498971e16a15b6cd03b4b790603172d862c25efa60ac210980f3f68a59cd04a4", size = 1961650, upload-time = "2025-09-10T16:45:45.582Z" },
    { url = "https://files.pythonhosted.org/packages/e3/de/e6c4706d17a3996c63e76764d8881d199f2cc2f2dd19864667c257e699b1/pymongo-4.15.0-cp313-cp313-manylinux_2_17_ppc64le.manylinux2014_ppc64le.whl", hash = "sha256:b9ff919fb4d59f8bc78c7a237e35a6b070574dab9e63e4801398bf49af74a025", size = 2039005, upload-time = "2025-09-10T16:45:49.786Z" },
    { url = "https://files.pythonhosted.org/packages/02/fc/c80bc7103d2927217b091adac048788298f5531fa9b203fcd725bbe245e4/pymongo-4.15.0-cp313-cp313-manylinux_2_17_s390x.manylinux2014_s390x.whl", hash = "sha256:d3c62d63270955a5b90e096ef822ff26b07b9e36ad7cd3203a40a26e11acfc76", size = 2002919, upload-time = "2025-09-10T16:45:52.118Z" },
    { url = "https://files.pythonhosted.org/packages/5e/9f/593384f8ab00fcd206222b935bc3b93c3d754662cf94718689b22109e81b/pymongo-4.15.0-cp313-cp313-manylinux_2_17_x86_64.manylinux2014_x86_64.whl", hash = "sha256:176ce2c920a3ef588391f4f2f364bee607692f5dde9093b10f1d45dd4ff84341", size = 1963645, upload-time = "2025-09-10T16:45:54.444Z" },
    { url = "https://files.pythonhosted.org/packages/58/ec/08e49fe72437e03027f3dbf9d6ec635ada713f559801fb06b030b951e541/pymongo-4.15.0-cp313-cp313-manylinux_2_5_i686.manylinux1_i686.manylinux_2_17_i686.manylinux2014_i686.whl", hash = "sha256:b17e4c3fa9538d818bdf68ea1d24c148d2e662e36381eb2b9620036a1dd13352", size = 1913218, upload-time = "2025-09-10T16:45:56.462Z" },
    { url = "https://files.pythonhosted.org/packages/e9/b2/6533980550af80c869f5adaebfe28fb155f4670b485e1991faa30e803af1/pymongo-4.15.0-cp313-cp313-win32.whl", hash = "sha256:b7280b19fbaf7dbf0b7efa6bd9f29ef3db0eb845558bb5be2a4e4f673c23cc63", size = 937332, upload-time = "2025-09-10T16:45:58.385Z" },
    { url = "https://files.pythonhosted.org/packages/4d/68/9ddf20d882508dae1ef5a6199a634221d3062e3458d29311c3834cc9810c/pymongo-4.15.0-cp313-cp313-win_amd64.whl", hash = "sha256:048e6520f0a5b0ddfc1c7af1e866ad3f0a7b1e8cfc7e32282d4b54a58db4adf8", size = 961568, upload-time = "2025-09-10T16:46:00.197Z" },
    { url = "https://files.pythonhosted.org/packages/36/9b/fec37a9ef76ed8bd66be8d08eb1e5a5fd9474b6f3344253ae588dd9d0372/pymongo-4.15.0-cp313-cp313-win_arm64.whl", hash = "sha256:995b3d2c4363290d63a31d3629911137af37bd37292c6141b7f27f367f07852d", size = 943464, upload-time = "2025-09-10T16:46:02.154Z" },
    { url = "https://files.pythonhosted.org/packages/68/6b/e348a0e900900a6aa864a5186027fed08473321d1d104924e49d5bebe955/pymongo-4.15.0-cp313-cp313t-macosx_10_13_x86_64.whl", hash = "sha256:f7946cf573f6a2bd9a5e022092007d2fca6832ff2ec865de46347970e3b6cf77", size = 1030336, upload-time = "2025-09-10T16:46:03.99Z" },
    { url = "https://files.pythonhosted.org/packages/40/d3/a479461547409cafbe16f6d5d17c2909061ef0db7b3c5652dcea35a5259c/pymongo-4.15.0-cp313-cp313t-macosx_11_0_arm64.whl", hash = "sha256:71bc5231581374e523ddf4f816821ae905749ded3a905f3d7e1d7ae582b45b28", size = 1030338, upload-time = "2025-09-10T16:46:05.839Z" },
    { url = "https://files.pythonhosted.org/packages/7d/ad/8b0c0c3edc0e29db1dee8a7ed5fd2a8c4a21b6c32ff76a02acb02ea01158/pymongo-4.15.0-cp313-cp313t-manylinux_2_17_aarch64.manylinux2014_aarch64.whl", hash = "sha256:7e3dcd9bcb818d5be66c3709bba163829e269a5a5395ee5bb2bb1bf1f8dd6225", size = 2290010, upload-time = "2025-09-10T16:46:07.898Z" },
    { url = "https://files.pythonhosted.org/packages/0d/2f/b3853308fd0c3e2d7728fc2cf9aaf6438d08441266c82ede8b0054d93ee7/pymongo-4.15.0-cp313-cp313t-manylinux_2_17_ppc64le.manylinux2014_ppc64le.whl", hash = "sha256:09fddba097c1a583fb828efd781ea3e0aa806e9a6b672ac8ecb0d8aeec305796", size = 2377049, upload-time = "2025-09-10T16:46:09.822Z" },
    { url = "https://files.pythonhosted.org/packages/fa/65/067167a9b7dfb3db4f3412d67523027d65f51cbece6f269babf7195cac63/pymongo-4.15.0-cp313-cp313t-manylinux_2_17_s390x.manylinux2014_s390x.whl", hash = "sha256:20a08466c55294db29c2ca2c0fcdcf3f475161571b571804c2db61482eb4fdee", size = 2336435, upload-time = "2025-09-10T16:46:12.105Z" },
    { url = "https://files.pythonhosted.org/packages/5b/2c/ce5e1abd9d192a8f98d1384dc2dbf6a3f17451b71a0c30238952e8e8ece0/pymongo-4.15.0-cp313-cp313t-manylinux_2_17_x86_64.manylinux2014_x86_64.whl", hash = "sha256:f800fc43edf3767ad42764d8eb5af94bfa71a066beb50e99592116c37cdca44e", size = 2287633, upload-time = "2025-09-10T16:46:13.899Z" },
    { url = "https://files.pythonhosted.org/packages/30/3e/41d44c3541d142bbd31fdd1c70b6661902a65731df951044b8ae22cea742/pymongo-4.15.0-cp313-cp313t-manylinux_2_5_i686.manylinux1_i686.manylinux_2_17_i686.manylinux2014_i686.whl", hash = "sha256:bd29cf389258f1c3a4409ab0197977ce92c346d4f3ae63b899834076dd890497", size = 2226958, upload-time = "2025-09-10T16:46:16.157Z" },
    { url = "https://files.pythonhosted.org/packages/8f/3c/39b0cfe424e80937e2e05436f8163591c4b6f70ebddf2bb27895895b6c3a/pymongo-4.15.0-cp313-cp313t-win32.whl", hash = "sha256:413154d69cd2bccee5f7cc9af483c99bf37101e2e5e0ae9d494d5f1ff2bc5d2c", size = 986550, upload-time = "2025-09-10T16:46:22.999Z" },
    { url = "https://files.pythonhosted.org/packages/f6/51/c7ab3d98f817fd426e55a63e7f4bf60437f2440cad8216056e45a8d90e9d/pymongo-4.15.0-cp313-cp313t-win_amd64.whl", hash = "sha256:195f7fc52fe0f490d677dca5c6ef8d1cbcf68e2f0e42e3c59154fbc6b01342e8", size = 1016854, upload-time = "2025-09-10T16:46:24.854Z" },
    { url = "https://files.pythonhosted.org/packages/fa/a7/021c9f65ba92c7ac669a11a8b3c425fe8e8e91c2cc0ead32a6e4024ecdc6/pymongo-4.15.0-cp313-cp313t-win_arm64.whl", hash = "sha256:010297ecaebded4d2d759e118319e3b9bdce9d371d00ca9f5e47a58a546748cc", size = 992287, upload-time = "2025-09-10T16:46:26.629Z" },
]

[[package]]
name = "python-engineio"
version = "4.12.2"
source = { registry = "https://pypi.org/simple" }
dependencies = [
    { name = "simple-websocket" },
]
sdist = { url = "https://files.pythonhosted.org/packages/ba/0b/67295279b66835f9fa7a491650efcd78b20321c127036eef62c11a31e028/python_engineio-4.12.2.tar.gz", hash = "sha256:e7e712ffe1be1f6a05ee5f951e72d434854a32fcfc7f6e4d9d3cae24ec70defa", size = 91677, upload-time = "2025-06-04T19:22:18.789Z" }
wheels = [
    { url = "https://files.pythonhosted.org/packages/0c/fa/df59acedf7bbb937f69174d00f921a7b93aa5a5f5c17d05296c814fff6fc/python_engineio-4.12.2-py3-none-any.whl", hash = "sha256:8218ab66950e179dfec4b4bbb30aecf3f5d86f5e58e6fc1aa7fde2c698b2804f", size = 59536, upload-time = "2025-06-04T19:22:16.916Z" },
]

[[package]]
name = "python-socketio"
version = "5.13.0"
source = { registry = "https://pypi.org/simple" }
dependencies = [
    { name = "bidict" },
    { name = "python-engineio" },
]
sdist = { url = "https://files.pythonhosted.org/packages/21/1a/396d50ccf06ee539fa758ce5623b59a9cb27637fc4b2dc07ed08bf495e77/python_socketio-5.13.0.tar.gz", hash = "sha256:ac4e19a0302ae812e23b712ec8b6427ca0521f7c582d6abb096e36e24a263029", size = 121125, upload-time = "2025-04-12T15:46:59.933Z" }
wheels = [
    { url = "https://files.pythonhosted.org/packages/3c/32/b4fb8585d1be0f68bde7e110dffbcf354915f77ad8c778563f0ad9655c02/python_socketio-5.13.0-py3-none-any.whl", hash = "sha256:51f68d6499f2df8524668c24bcec13ba1414117cfb3a90115c559b601ab10caf", size = 77800, upload-time = "2025-04-12T15:46:58.412Z" },
]

[[package]]
name = "simple-websocket"
version = "1.1.0"
source = { registry = "https://pypi.org/simple" }
dependencies = [
    { name = "wsproto" },
]
sdist = { url = "https://files.pythonhosted.org/packages/b0/d4/bfa032f961103eba93de583b161f0e6a5b63cebb8f2c7d0c6e6efe1e3d2e/simple_websocket-1.1.0.tar.gz", hash = "sha256:7939234e7aa067c534abdab3a9ed933ec9ce4691b0713c78acb195560aa52ae4", size = 17300, upload-time = "2024-10-10T22:39:31.412Z" }
wheels = [
    { url = "https://files.pythonhosted.org/packages/52/59/0782e51887ac6b07ffd1570e0364cf901ebc36345fea669969d2084baebb/simple_websocket-1.1.0-py3-none-any.whl", hash = "sha256:4af6069630a38ed6c561010f0e11a5bc0d4ca569b36306eb257cd9a192497c8c", size = 13842, upload-time = "2024-10-10T22:39:29.645Z" },
]

[[package]]
name = "websocket-client"
version = "1.8.0"
source = { registry = "https://pypi.org/simple" }
sdist = { url = "https://files.pythonhosted.org/packages/e6/30/fba0d96b4b5fbf5948ed3f4681f7da2f9f64512e1d303f94b4cc174c24a5/websocket_client-1.8.0.tar.gz", hash = "sha256:3239df9f44da632f96012472805d40a23281a991027ce11d2f45a6f24ac4c3da", size = 54648, upload-time = "2024-04-23T22:16:16.976Z" }
wheels = [
    { url = "https://files.pythonhosted.org/packages/5a/84/44687a29792a70e111c5c477230a72c4b957d88d16141199bf9acb7537a3/websocket_client-1.8.0-py3-none-any.whl", hash = "sha256:17b44cc997f5c498e809b22cdf2d9c7a9e71c02c8cc2b6c56e7c2d1239bfa526", size = 58826, upload-time = "2024-04-23T22:16:14.422Z" },
]

[[package]]
name = "werkzeug"
version = "3.1.3"
source = { registry = "https://pypi.org/simple" }
dependencies = [
    { name = "markupsafe" },
]
sdist = { url = "https://files.pythonhosted.org/packages/9f/69/83029f1f6300c5fb2471d621ab06f6ec6b3324685a2ce0f9777fd4a8b71e/werkzeug-3.1.3.tar.gz", hash = "sha256:60723ce945c19328679790e3282cc758aa4a6040e4bb330f53d30fa546d44746", size = 806925, upload-time = "2024-11-08T15:52:18.093Z" }
wheels = [
    { url = "https://files.pythonhosted.org/packages/52/24/ab44c871b0f07f491e5d2ad12c9bd7358e527510618cb1b803a88e986db1/werkzeug-3.1.3-py3-none-any.whl", hash = "sha256:54b78bf3716d19a65be4fceccc0d1d7b89e608834989dfae50ea87564639213e", size = 224498, upload-time = "2024-11-08T15:52:16.132Z" },
]

[[package]]
name = "wsproto"
version = "1.2.0"
source = { registry = "https://pypi.org/simple" }
dependencies = [
    { name = "h11" },
]
sdist = { url = "https://files.pythonhosted.org/packages/c9/4a/44d3c295350d776427904d73c189e10aeae66d7f555bb2feee16d1e4ba5a/wsproto-1.2.0.tar.gz", hash = "sha256:ad565f26ecb92588a3e43bc3d96164de84cd9902482b130d0ddbaa9664a85065", size = 53425, upload-time = "2022-08-23T19:58:21.447Z" }
wheels = [
    { url = "https://files.pythonhosted.org/packages/78/58/e860788190eba3bcce367f74d29c4675466ce8dddfba85f7827588416f01/wsproto-1.2.0-py3-none-any.whl", hash = "sha256:b9acddd652b585d75b20477888c56642fdade28bdfd3579aa24a4d2c037dd736", size = 24226, upload-time = "2022-08-23T19:58:19.96Z" },
]
